
Microsoft Visual Studio Solution File, Format Version 12.00
# Visual Studio Version 16
VisualStudioVersion = 16.0.30711.63
MinimumVisualStudioVersion = 10.0.40219.1
Project("{9A19103F-16F7-4668-BE54-9A1E7A4F7556}") = "1.ReverseStrings", "1.ReverseStrings\1.ReverseStrings.csproj", "{601E1CB9-B8D3-41BE-86AF-3186D40F6C67}"
EndProject
Project("{9A19103F-16F7-4668-BE54-9A1E7A4F7556}") = "2.RepeatStrings", "2.RepeatStrings\2.RepeatStrings.csproj", "{3109263F-E583-4C1B-B0E2-36F6FB658597}"
EndProject
Project("{9A19103F-16F7-4668-BE54-9A1E7A4F7556}") = "3.Substring", "3.Substring\3.Substring.csproj", "{DFD91A6C-D00D-44DF-8A35-2F8BC814791D}"
EndProject
Project("{FAE04EC0-301F-11D3-BF4B-00C04F79EFBC}") = "4.TextFilter", "4.TextFilter\4.TextFilter.csproj", "{342A1016-6AC2-4D29-9FC6-A07780DEAD67}"
EndProject
Project("{FAE04EC0-301F-11D3-BF4B-00C04F79EFBC}") = "5.Digits-Letters-Other", "5.Digits-Letters-Other\5.Digits-Letters-Other.csproj", "{EAD6A0E0-0784-43E5-8CD7-970E31F9D430}"
EndProject
Global
	GlobalSection(SolutionConfigurationPlatforms) = preSolution
		Debug|Any CPU = Debug|Any CPU
		Release|Any CPU = Release|Any CPU
	EndGlobalSection
	GlobalSection(ProjectConfigurationPlatforms) = postSolution
		{601E1CB9-B8D3-41BE-86AF-3186D40F6C67}.Debug|Any CPU.ActiveCfg = Debug|Any CPU
		{601E1CB9-B8D3-41BE-86AF-3186D40F6C67}.Debug|Any CPU.Build.0 = Debug|Any CPU
		{601E1CB9-B8D3-41BE-86AF-3186D40F6C67}.Release|Any CPU.ActiveCfg = Release|Any CPU
		{601E1CB9-B8D3-41BE-86AF-3186D40F6C67}.Release|Any CPU.Build.0 = Release|Any CPU
		{3109263F-E583-4C1B-B0E2-36F6FB658597}.Debug|Any CPU.ActiveCfg = Debug|Any CPU
		{3109263F-E583-4C1B-B0E2-36F6FB658597}.Debug|Any CPU.Build.0 = Debug|Any CPU
		{3109263F-E583-4C1B-B0E2-36F6FB658597}.Release|Any CPU.ActiveCfg = Release|Any CPU
		{3109263F-E583-4C1B-B0E2-36F6FB658597}.Release|Any CPU.Build.0 = Release|Any CPU
		{DFD91A6C-D00D-44DF-8A35-2F8BC814791D}.Debug|Any CPU.ActiveCfg = Debug|Any CPU
		{DFD91A6C-D00D-44DF-8A35-2F8BC814791D}.Debug|Any CPU.Build.0 = Debug|Any CPU
		{DFD91A6C-D00D-44DF-8A35-2F8BC814791D}.Release|Any CPU.ActiveCfg = Release|Any CPU
		{DFD91A6C-D00D-44DF-8A35-2F8BC814791D}.Release|Any CPU.Build.0 = Release|Any CPU
		{342A1016-6AC2-4D29-9FC6-A07780DEAD67}.Debug|Any CPU.ActiveCfg = Debug|Any CPU
		{342A1016-6AC2-4D29-9FC6-A07780DEAD67}.Debug|Any CPU.Build.0 = Debug|Any CPU
		{342A1016-6AC2-4D29-9FC6-A07780DEAD67}.Release|Any CPU.ActiveCfg = Release|Any CPU
		{342A1016-6AC2-4D29-9FC6-A07780DEAD67}.Release|Any CPU.Build.0 = Release|Any CPU
		{EAD6A0E0-0784-43E5-8CD7-970E31F9D430}.Debug|Any CPU.ActiveCfg = Debug|Any CPU
		{EAD6A0E0-0784-43E5-8CD7-970E31F9D430}.Debug|Any CPU.Build.0 = Debug|Any CPU
		{EAD6A0E0-0784-43E5-8CD7-970E31F9D430}.Release|Any CPU.ActiveCfg = Release|Any CPU
		{EAD6A0E0-0784-43E5-8CD7-970E31F9D430}.Release|Any CPU.Build.0 = Release|Any CPU
	EndGlobalSection
	GlobalSection(SolutionProperties) = preSolution
		HideSolutionNode = FALSE
	EndGlobalSection
	GlobalSection(ExtensibilityGlobals) = postSolution
		SolutionGuid = {A8951130-2101-429A-A869-5FC44F596397}
	EndGlobalSection
EndGlobal
