
Microsoft Visual Studio Solution File, Format Version 12.00
# Visual Studio Version 16
VisualStudioVersion = 16.0.30717.126
MinimumVisualStudioVersion = 10.0.40219.1
Project("{FAE04EC0-301F-11D3-BF4B-00C04F79EFBC}") = "01.Problem", "01.Problem\01.Problem.csproj", "{69B16906-F565-460C-A817-B4CE53968E5E}"
EndProject
Project("{FAE04EC0-301F-11D3-BF4B-00C04F79EFBC}") = "02.Problem", "02.Problem\02.Problem.csproj", "{0249FEDD-6D04-409B-8C74-71CFBD262BFE}"
EndProject
Project("{FAE04EC0-301F-11D3-BF4B-00C04F79EFBC}") = "03.Problem", "03.Problem\03.Problem.csproj", "{91F0E402-A9D8-4606-A941-5C6851C5D117}"
EndProject
Global
	GlobalSection(SolutionConfigurationPlatforms) = preSolution
		Debug|Any CPU = Debug|Any CPU
		Release|Any CPU = Release|Any CPU
	EndGlobalSection
	GlobalSection(ProjectConfigurationPlatforms) = postSolution
		{69B16906-F565-460C-A817-B4CE53968E5E}.Debug|Any CPU.ActiveCfg = Debug|Any CPU
		{69B16906-F565-460C-A817-B4CE53968E5E}.Debug|Any CPU.Build.0 = Debug|Any CPU
		{69B16906-F565-460C-A817-B4CE53968E5E}.Release|Any CPU.ActiveCfg = Release|Any CPU
		{69B16906-F565-460C-A817-B4CE53968E5E}.Release|Any CPU.Build.0 = Release|Any CPU
		{0249FEDD-6D04-409B-8C74-71CFBD262BFE}.Debug|Any CPU.ActiveCfg = Debug|Any CPU
		{0249FEDD-6D04-409B-8C74-71CFBD262BFE}.Debug|Any CPU.Build.0 = Debug|Any CPU
		{0249FEDD-6D04-409B-8C74-71CFBD262BFE}.Release|Any CPU.ActiveCfg = Release|Any CPU
		{0249FEDD-6D04-409B-8C74-71CFBD262BFE}.Release|Any CPU.Build.0 = Release|Any CPU
		{91F0E402-A9D8-4606-A941-5C6851C5D117}.Debug|Any CPU.ActiveCfg = Debug|Any CPU
		{91F0E402-A9D8-4606-A941-5C6851C5D117}.Debug|Any CPU.Build.0 = Debug|Any CPU
		{91F0E402-A9D8-4606-A941-5C6851C5D117}.Release|Any CPU.ActiveCfg = Release|Any CPU
		{91F0E402-A9D8-4606-A941-5C6851C5D117}.Release|Any CPU.Build.0 = Release|Any CPU
	EndGlobalSection
	GlobalSection(SolutionProperties) = preSolution
		HideSolutionNode = FALSE
	EndGlobalSection
	GlobalSection(ExtensibilityGlobals) = postSolution
		SolutionGuid = {3998E42D-B99F-439D-8D0B-284B453FE668}
	EndGlobalSection
EndGlobal
