
Microsoft Visual Studio Solution File, Format Version 12.00
# Visual Studio Version 16
VisualStudioVersion = 16.0.30717.126
MinimumVisualStudioVersion = 10.0.40219.1
Project("{FAE04EC0-301F-11D3-BF4B-00C04F79EFBC}") = "1.WiningTicket", "1.WiningTicket\1.WiningTicket.csproj", "{FB8FAA1F-7434-4824-9CC9-6B491724F60D}"
EndProject
Project("{FAE04EC0-301F-11D3-BF4B-00C04F79EFBC}") = "2.Rage-Quit", "2.Rage-Quit\2.Rage-Quit.csproj", "{64F3B95A-8454-4EF3-A990-3F740DCC7A6A}"
EndProject
Project("{FAE04EC0-301F-11D3-BF4B-00C04F79EFBC}") = "3.Post-Office", "3.Post-Office\3.Post-Office.csproj", "{AEDFA25C-7033-4E8E-80AD-DB5B32833E9B}"
EndProject
Project("{FAE04EC0-301F-11D3-BF4B-00C04F79EFBC}") = "4.Santa-Secret-Helper", "4.Santa-Secret-Helper\4.Santa-Secret-Helper.csproj", "{5C5A5A43-DF0F-4513-A5F4-441626281174}"
EndProject
Global
	GlobalSection(SolutionConfigurationPlatforms) = preSolution
		Debug|Any CPU = Debug|Any CPU
		Release|Any CPU = Release|Any CPU
	EndGlobalSection
	GlobalSection(ProjectConfigurationPlatforms) = postSolution
		{FB8FAA1F-7434-4824-9CC9-6B491724F60D}.Debug|Any CPU.ActiveCfg = Debug|Any CPU
		{FB8FAA1F-7434-4824-9CC9-6B491724F60D}.Debug|Any CPU.Build.0 = Debug|Any CPU
		{FB8FAA1F-7434-4824-9CC9-6B491724F60D}.Release|Any CPU.ActiveCfg = Release|Any CPU
		{FB8FAA1F-7434-4824-9CC9-6B491724F60D}.Release|Any CPU.Build.0 = Release|Any CPU
		{64F3B95A-8454-4EF3-A990-3F740DCC7A6A}.Debug|Any CPU.ActiveCfg = Debug|Any CPU
		{64F3B95A-8454-4EF3-A990-3F740DCC7A6A}.Debug|Any CPU.Build.0 = Debug|Any CPU
		{64F3B95A-8454-4EF3-A990-3F740DCC7A6A}.Release|Any CPU.ActiveCfg = Release|Any CPU
		{64F3B95A-8454-4EF3-A990-3F740DCC7A6A}.Release|Any CPU.Build.0 = Release|Any CPU
		{AEDFA25C-7033-4E8E-80AD-DB5B32833E9B}.Debug|Any CPU.ActiveCfg = Debug|Any CPU
		{AEDFA25C-7033-4E8E-80AD-DB5B32833E9B}.Debug|Any CPU.Build.0 = Debug|Any CPU
		{AEDFA25C-7033-4E8E-80AD-DB5B32833E9B}.Release|Any CPU.ActiveCfg = Release|Any CPU
		{AEDFA25C-7033-4E8E-80AD-DB5B32833E9B}.Release|Any CPU.Build.0 = Release|Any CPU
		{5C5A5A43-DF0F-4513-A5F4-441626281174}.Debug|Any CPU.ActiveCfg = Debug|Any CPU
		{5C5A5A43-DF0F-4513-A5F4-441626281174}.Debug|Any CPU.Build.0 = Debug|Any CPU
		{5C5A5A43-DF0F-4513-A5F4-441626281174}.Release|Any CPU.ActiveCfg = Release|Any CPU
		{5C5A5A43-DF0F-4513-A5F4-441626281174}.Release|Any CPU.Build.0 = Release|Any CPU
	EndGlobalSection
	GlobalSection(SolutionProperties) = preSolution
		HideSolutionNode = FALSE
	EndGlobalSection
	GlobalSection(ExtensibilityGlobals) = postSolution
		SolutionGuid = {C071955D-8BDC-47A4-8888-3D0F6764EC22}
	EndGlobalSection
EndGlobal
