
Microsoft Visual Studio Solution File, Format Version 12.00
# Visual Studio Version 16
VisualStudioVersion = 16.0.30611.23
MinimumVisualStudioVersion = 10.0.40219.1
Project("{9A19103F-16F7-4668-BE54-9A1E7A4F7556}") = "3-Numbers", "3-Numbers\3-Numbers.csproj", "{E4ADC1FE-2565-436A-88ED-85597C8FB23A}"
EndProject
Project("{9A19103F-16F7-4668-BE54-9A1E7A4F7556}") = "3.MemoryGameProblem", "3.MemoryGameProblem\3.MemoryGameProblem.csproj", "{FCB38DC7-4E48-4985-9A9A-6D33D1B2633D}"
EndProject
Project("{9A19103F-16F7-4668-BE54-9A1E7A4F7556}") = "2.ArrayModifier", "2.ArrayModifier\2.ArrayModifier.csproj", "{3EFE2E45-F3C3-4C94-AF6D-9A640CC777FE}"
EndProject
Project("{9A19103F-16F7-4668-BE54-9A1E7A4F7556}") = "1.CounterStrike", "1.CounterStrike\1.CounterStrike.csproj", "{0F7F8B90-8DE4-4D18-BFF4-07954B81D2A0}"
EndProject
Project("{9A19103F-16F7-4668-BE54-9A1E7A4F7556}") = "2.ShootForTheWin", "2.ShootForTheWin\2.ShootForTheWin.csproj", "{32D71780-2B27-443D-A54F-BE73875246E8}"
EndProject
Project("{9A19103F-16F7-4668-BE54-9A1E7A4F7556}") = "3.MovingTarget", "3.MovingTarget\3.MovingTarget.csproj", "{67109EA0-0D29-4568-B50C-D70EC63394D4}"
EndProject
Project("{9A19103F-16F7-4668-BE54-9A1E7A4F7556}") = "2.TheLift", "2.TheLift\2.TheLift.csproj", "{F51C2760-FD4A-4B75-9D75-9D662B2D44E8}"
EndProject
Project("{9A19103F-16F7-4668-BE54-9A1E7A4F7556}") = "2.MirrorWords", "2.MirrorWords\2.MirrorWords.csproj", "{E133E5A3-2B49-4CDF-B621-2D277E3E6AE0}"
EndProject
Project("{9A19103F-16F7-4668-BE54-9A1E7A4F7556}") = "1.NationalCourt", "1.NationalCourt\1.NationalCourt.csproj", "{4CBAC96B-B014-4127-BB31-E29A7F9D94C2}"
EndProject
Project("{9A19103F-16F7-4668-BE54-9A1E7A4F7556}") = "2.ShoppingList", "2.ShoppingList\2.ShoppingList.csproj", "{F1ABB3B8-7BC1-4A66-B6CE-94F26FE061A6}"
EndProject
Project("{9A19103F-16F7-4668-BE54-9A1E7A4F7556}") = "2.TheLyftUpdated", "2.TheLyftUpdated\2.TheLyftUpdated.csproj", "{F21E1D8B-F28E-4E58-8BE4-108C104D88DC}"
EndProject
Project("{9A19103F-16F7-4668-BE54-9A1E7A4F7556}") = "2.TheLyftFresh", "2.TheLyftFresh\2.TheLyftFresh.csproj", "{5E8284D6-A1F2-46D4-91F1-0F103C57737A}"
EndProject
Project("{9A19103F-16F7-4668-BE54-9A1E7A4F7556}") = "3.HeartDelivery", "3.HeartDelivery\3.HeartDelivery.csproj", "{95406119-D709-402C-A6AF-9161ACB221D5}"
EndProject
Project("{9A19103F-16F7-4668-BE54-9A1E7A4F7556}") = "1.BonusScoring", "1.BonusScoring\1.BonusScoring.csproj", "{91AACF9F-4E2A-49C9-85D9-0E2B3DCCAA79}"
EndProject
Project("{9A19103F-16F7-4668-BE54-9A1E7A4F7556}") = "2.MuOnline", "2.MuOnline\2.MuOnline.csproj", "{65639DA2-0136-40F0-AE9D-4857CBD2AFD5}"
EndProject
Project("{9A19103F-16F7-4668-BE54-9A1E7A4F7556}") = "3.Inventory", "3.Inventory\3.Inventory.csproj", "{E9297C47-93E1-4D8B-94DF-1EFA9E3FD2E7}"
EndProject
Project("{9A19103F-16F7-4668-BE54-9A1E7A4F7556}") = "1.ComputerStore", "1.ComputerStore\1.ComputerStore.csproj", "{6AC53CF5-DB11-4927-8DE7-2B2B15C9A7A2}"
EndProject
Project("{9A19103F-16F7-4668-BE54-9A1E7A4F7556}") = "1.EasterCozonacs", "1.SoftUniReception\1.EasterCozonacs.csproj", "{1F397214-8BB4-4BC5-80EF-3BDF7A94AC63}"
EndProject
Project("{9A19103F-16F7-4668-BE54-9A1E7A4F7556}") = "2.EasterGifts", "2.EasterGifts\2.EasterGifts.csproj", "{86F8B90A-6D6E-4AB8-90C0-41E838A261AF}"
EndProject
Project("{FAE04EC0-301F-11D3-BF4B-00C04F79EFBC}") = "3.EasterShopping", "3.EasterShopping\3.EasterShopping.csproj", "{CDCC1222-FA9C-4E0E-824B-1DC576DEC212}"
EndProject
Global
	GlobalSection(SolutionConfigurationPlatforms) = preSolution
		Debug|Any CPU = Debug|Any CPU
		Release|Any CPU = Release|Any CPU
	EndGlobalSection
	GlobalSection(ProjectConfigurationPlatforms) = postSolution
		{E4ADC1FE-2565-436A-88ED-85597C8FB23A}.Debug|Any CPU.ActiveCfg = Debug|Any CPU
		{E4ADC1FE-2565-436A-88ED-85597C8FB23A}.Debug|Any CPU.Build.0 = Debug|Any CPU
		{E4ADC1FE-2565-436A-88ED-85597C8FB23A}.Release|Any CPU.ActiveCfg = Release|Any CPU
		{E4ADC1FE-2565-436A-88ED-85597C8FB23A}.Release|Any CPU.Build.0 = Release|Any CPU
		{FCB38DC7-4E48-4985-9A9A-6D33D1B2633D}.Debug|Any CPU.ActiveCfg = Debug|Any CPU
		{FCB38DC7-4E48-4985-9A9A-6D33D1B2633D}.Debug|Any CPU.Build.0 = Debug|Any CPU
		{FCB38DC7-4E48-4985-9A9A-6D33D1B2633D}.Release|Any CPU.ActiveCfg = Release|Any CPU
		{FCB38DC7-4E48-4985-9A9A-6D33D1B2633D}.Release|Any CPU.Build.0 = Release|Any CPU
		{3EFE2E45-F3C3-4C94-AF6D-9A640CC777FE}.Debug|Any CPU.ActiveCfg = Debug|Any CPU
		{3EFE2E45-F3C3-4C94-AF6D-9A640CC777FE}.Debug|Any CPU.Build.0 = Debug|Any CPU
		{3EFE2E45-F3C3-4C94-AF6D-9A640CC777FE}.Release|Any CPU.ActiveCfg = Release|Any CPU
		{3EFE2E45-F3C3-4C94-AF6D-9A640CC777FE}.Release|Any CPU.Build.0 = Release|Any CPU
		{0F7F8B90-8DE4-4D18-BFF4-07954B81D2A0}.Debug|Any CPU.ActiveCfg = Debug|Any CPU
		{0F7F8B90-8DE4-4D18-BFF4-07954B81D2A0}.Debug|Any CPU.Build.0 = Debug|Any CPU
		{0F7F8B90-8DE4-4D18-BFF4-07954B81D2A0}.Release|Any CPU.ActiveCfg = Release|Any CPU
		{0F7F8B90-8DE4-4D18-BFF4-07954B81D2A0}.Release|Any CPU.Build.0 = Release|Any CPU
		{32D71780-2B27-443D-A54F-BE73875246E8}.Debug|Any CPU.ActiveCfg = Debug|Any CPU
		{32D71780-2B27-443D-A54F-BE73875246E8}.Debug|Any CPU.Build.0 = Debug|Any CPU
		{32D71780-2B27-443D-A54F-BE73875246E8}.Release|Any CPU.ActiveCfg = Release|Any CPU
		{32D71780-2B27-443D-A54F-BE73875246E8}.Release|Any CPU.Build.0 = Release|Any CPU
		{67109EA0-0D29-4568-B50C-D70EC63394D4}.Debug|Any CPU.ActiveCfg = Debug|Any CPU
		{67109EA0-0D29-4568-B50C-D70EC63394D4}.Debug|Any CPU.Build.0 = Debug|Any CPU
		{67109EA0-0D29-4568-B50C-D70EC63394D4}.Release|Any CPU.ActiveCfg = Release|Any CPU
		{67109EA0-0D29-4568-B50C-D70EC63394D4}.Release|Any CPU.Build.0 = Release|Any CPU
		{F51C2760-FD4A-4B75-9D75-9D662B2D44E8}.Debug|Any CPU.ActiveCfg = Debug|Any CPU
		{F51C2760-FD4A-4B75-9D75-9D662B2D44E8}.Debug|Any CPU.Build.0 = Debug|Any CPU
		{F51C2760-FD4A-4B75-9D75-9D662B2D44E8}.Release|Any CPU.ActiveCfg = Release|Any CPU
		{F51C2760-FD4A-4B75-9D75-9D662B2D44E8}.Release|Any CPU.Build.0 = Release|Any CPU
		{E133E5A3-2B49-4CDF-B621-2D277E3E6AE0}.Debug|Any CPU.ActiveCfg = Debug|Any CPU
		{E133E5A3-2B49-4CDF-B621-2D277E3E6AE0}.Debug|Any CPU.Build.0 = Debug|Any CPU
		{E133E5A3-2B49-4CDF-B621-2D277E3E6AE0}.Release|Any CPU.ActiveCfg = Release|Any CPU
		{E133E5A3-2B49-4CDF-B621-2D277E3E6AE0}.Release|Any CPU.Build.0 = Release|Any CPU
		{4CBAC96B-B014-4127-BB31-E29A7F9D94C2}.Debug|Any CPU.ActiveCfg = Debug|Any CPU
		{4CBAC96B-B014-4127-BB31-E29A7F9D94C2}.Debug|Any CPU.Build.0 = Debug|Any CPU
		{4CBAC96B-B014-4127-BB31-E29A7F9D94C2}.Release|Any CPU.ActiveCfg = Release|Any CPU
		{4CBAC96B-B014-4127-BB31-E29A7F9D94C2}.Release|Any CPU.Build.0 = Release|Any CPU
		{F1ABB3B8-7BC1-4A66-B6CE-94F26FE061A6}.Debug|Any CPU.ActiveCfg = Debug|Any CPU
		{F1ABB3B8-7BC1-4A66-B6CE-94F26FE061A6}.Debug|Any CPU.Build.0 = Debug|Any CPU
		{F1ABB3B8-7BC1-4A66-B6CE-94F26FE061A6}.Release|Any CPU.ActiveCfg = Release|Any CPU
		{F1ABB3B8-7BC1-4A66-B6CE-94F26FE061A6}.Release|Any CPU.Build.0 = Release|Any CPU
		{F21E1D8B-F28E-4E58-8BE4-108C104D88DC}.Debug|Any CPU.ActiveCfg = Debug|Any CPU
		{F21E1D8B-F28E-4E58-8BE4-108C104D88DC}.Debug|Any CPU.Build.0 = Debug|Any CPU
		{F21E1D8B-F28E-4E58-8BE4-108C104D88DC}.Release|Any CPU.ActiveCfg = Release|Any CPU
		{F21E1D8B-F28E-4E58-8BE4-108C104D88DC}.Release|Any CPU.Build.0 = Release|Any CPU
		{5E8284D6-A1F2-46D4-91F1-0F103C57737A}.Debug|Any CPU.ActiveCfg = Debug|Any CPU
		{5E8284D6-A1F2-46D4-91F1-0F103C57737A}.Debug|Any CPU.Build.0 = Debug|Any CPU
		{5E8284D6-A1F2-46D4-91F1-0F103C57737A}.Release|Any CPU.ActiveCfg = Release|Any CPU
		{5E8284D6-A1F2-46D4-91F1-0F103C57737A}.Release|Any CPU.Build.0 = Release|Any CPU
		{95406119-D709-402C-A6AF-9161ACB221D5}.Debug|Any CPU.ActiveCfg = Debug|Any CPU
		{95406119-D709-402C-A6AF-9161ACB221D5}.Debug|Any CPU.Build.0 = Debug|Any CPU
		{95406119-D709-402C-A6AF-9161ACB221D5}.Release|Any CPU.ActiveCfg = Release|Any CPU
		{95406119-D709-402C-A6AF-9161ACB221D5}.Release|Any CPU.Build.0 = Release|Any CPU
		{91AACF9F-4E2A-49C9-85D9-0E2B3DCCAA79}.Debug|Any CPU.ActiveCfg = Debug|Any CPU
		{91AACF9F-4E2A-49C9-85D9-0E2B3DCCAA79}.Debug|Any CPU.Build.0 = Debug|Any CPU
		{91AACF9F-4E2A-49C9-85D9-0E2B3DCCAA79}.Release|Any CPU.ActiveCfg = Release|Any CPU
		{91AACF9F-4E2A-49C9-85D9-0E2B3DCCAA79}.Release|Any CPU.Build.0 = Release|Any CPU
		{65639DA2-0136-40F0-AE9D-4857CBD2AFD5}.Debug|Any CPU.ActiveCfg = Debug|Any CPU
		{65639DA2-0136-40F0-AE9D-4857CBD2AFD5}.Debug|Any CPU.Build.0 = Debug|Any CPU
		{65639DA2-0136-40F0-AE9D-4857CBD2AFD5}.Release|Any CPU.ActiveCfg = Release|Any CPU
		{65639DA2-0136-40F0-AE9D-4857CBD2AFD5}.Release|Any CPU.Build.0 = Release|Any CPU
		{E9297C47-93E1-4D8B-94DF-1EFA9E3FD2E7}.Debug|Any CPU.ActiveCfg = Debug|Any CPU
		{E9297C47-93E1-4D8B-94DF-1EFA9E3FD2E7}.Debug|Any CPU.Build.0 = Debug|Any CPU
		{E9297C47-93E1-4D8B-94DF-1EFA9E3FD2E7}.Release|Any CPU.ActiveCfg = Release|Any CPU
		{E9297C47-93E1-4D8B-94DF-1EFA9E3FD2E7}.Release|Any CPU.Build.0 = Release|Any CPU
		{6AC53CF5-DB11-4927-8DE7-2B2B15C9A7A2}.Debug|Any CPU.ActiveCfg = Debug|Any CPU
		{6AC53CF5-DB11-4927-8DE7-2B2B15C9A7A2}.Debug|Any CPU.Build.0 = Debug|Any CPU
		{6AC53CF5-DB11-4927-8DE7-2B2B15C9A7A2}.Release|Any CPU.ActiveCfg = Release|Any CPU
		{6AC53CF5-DB11-4927-8DE7-2B2B15C9A7A2}.Release|Any CPU.Build.0 = Release|Any CPU
		{1F397214-8BB4-4BC5-80EF-3BDF7A94AC63}.Debug|Any CPU.ActiveCfg = Debug|Any CPU
		{1F397214-8BB4-4BC5-80EF-3BDF7A94AC63}.Debug|Any CPU.Build.0 = Debug|Any CPU
		{1F397214-8BB4-4BC5-80EF-3BDF7A94AC63}.Release|Any CPU.ActiveCfg = Release|Any CPU
		{1F397214-8BB4-4BC5-80EF-3BDF7A94AC63}.Release|Any CPU.Build.0 = Release|Any CPU
		{86F8B90A-6D6E-4AB8-90C0-41E838A261AF}.Debug|Any CPU.ActiveCfg = Debug|Any CPU
		{86F8B90A-6D6E-4AB8-90C0-41E838A261AF}.Debug|Any CPU.Build.0 = Debug|Any CPU
		{86F8B90A-6D6E-4AB8-90C0-41E838A261AF}.Release|Any CPU.ActiveCfg = Release|Any CPU
		{86F8B90A-6D6E-4AB8-90C0-41E838A261AF}.Release|Any CPU.Build.0 = Release|Any CPU
		{CDCC1222-FA9C-4E0E-824B-1DC576DEC212}.Debug|Any CPU.ActiveCfg = Debug|Any CPU
		{CDCC1222-FA9C-4E0E-824B-1DC576DEC212}.Debug|Any CPU.Build.0 = Debug|Any CPU
		{CDCC1222-FA9C-4E0E-824B-1DC576DEC212}.Release|Any CPU.ActiveCfg = Release|Any CPU
		{CDCC1222-FA9C-4E0E-824B-1DC576DEC212}.Release|Any CPU.Build.0 = Release|Any CPU
	EndGlobalSection
	GlobalSection(SolutionProperties) = preSolution
		HideSolutionNode = FALSE
	EndGlobalSection
	GlobalSection(ExtensibilityGlobals) = postSolution
		SolutionGuid = {44312B0F-EA35-4A5E-8D26-209C1352E427}
	EndGlobalSection
EndGlobal
