
Microsoft Visual Studio Solution File, Format Version 12.00
# Visual Studio Version 16
VisualStudioVersion = 16.0.30523.141
MinimumVisualStudioVersion = 10.0.40219.1
Project("{9A19103F-16F7-4668-BE54-9A1E7A4F7556}") = "1.TrainPractice", "1.TrainPractice\1.TrainPractice.csproj", "{9A19718E-8C81-443E-90FD-14C7F9C2A7EA}"
EndProject
Project("{9A19103F-16F7-4668-BE54-9A1E7A4F7556}") = "2.CommonElementsPractice", "2.CommonElementsPractice\2.CommonElementsPractice.csproj", "{6F117CBD-F478-4843-9BFD-15BABCEDDAD5}"
EndProject
Project("{9A19103F-16F7-4668-BE54-9A1E7A4F7556}") = "3.ZigZagPractice", "3.ZigZagPractice\3.ZigZagPractice.csproj", "{19675879-814C-4559-8132-96F53749EA67}"
EndProject
Project("{9A19103F-16F7-4668-BE54-9A1E7A4F7556}") = "4.RotationPractice", "4.RotationPractice\4.RotationPractice.csproj", "{7B6F7B13-6213-4D15-B0A1-B7015F1E4E94}"
EndProject
Project("{FAE04EC0-301F-11D3-BF4B-00C04F79EFBC}") = "5.TopIntegersPractice", "5.TopIntegersPractice\5.TopIntegersPractice.csproj", "{9AEF2DDE-B03B-48B6-BB01-31E80AB2413F}"
EndProject
Global
	GlobalSection(SolutionConfigurationPlatforms) = preSolution
		Debug|Any CPU = Debug|Any CPU
		Release|Any CPU = Release|Any CPU
	EndGlobalSection
	GlobalSection(ProjectConfigurationPlatforms) = postSolution
		{9A19718E-8C81-443E-90FD-14C7F9C2A7EA}.Debug|Any CPU.ActiveCfg = Debug|Any CPU
		{9A19718E-8C81-443E-90FD-14C7F9C2A7EA}.Debug|Any CPU.Build.0 = Debug|Any CPU
		{9A19718E-8C81-443E-90FD-14C7F9C2A7EA}.Release|Any CPU.ActiveCfg = Release|Any CPU
		{9A19718E-8C81-443E-90FD-14C7F9C2A7EA}.Release|Any CPU.Build.0 = Release|Any CPU
		{6F117CBD-F478-4843-9BFD-15BABCEDDAD5}.Debug|Any CPU.ActiveCfg = Debug|Any CPU
		{6F117CBD-F478-4843-9BFD-15BABCEDDAD5}.Debug|Any CPU.Build.0 = Debug|Any CPU
		{6F117CBD-F478-4843-9BFD-15BABCEDDAD5}.Release|Any CPU.ActiveCfg = Release|Any CPU
		{6F117CBD-F478-4843-9BFD-15BABCEDDAD5}.Release|Any CPU.Build.0 = Release|Any CPU
		{19675879-814C-4559-8132-96F53749EA67}.Debug|Any CPU.ActiveCfg = Debug|Any CPU
		{19675879-814C-4559-8132-96F53749EA67}.Debug|Any CPU.Build.0 = Debug|Any CPU
		{19675879-814C-4559-8132-96F53749EA67}.Release|Any CPU.ActiveCfg = Release|Any CPU
		{19675879-814C-4559-8132-96F53749EA67}.Release|Any CPU.Build.0 = Release|Any CPU
		{7B6F7B13-6213-4D15-B0A1-B7015F1E4E94}.Debug|Any CPU.ActiveCfg = Debug|Any CPU
		{7B6F7B13-6213-4D15-B0A1-B7015F1E4E94}.Debug|Any CPU.Build.0 = Debug|Any CPU
		{7B6F7B13-6213-4D15-B0A1-B7015F1E4E94}.Release|Any CPU.ActiveCfg = Release|Any CPU
		{7B6F7B13-6213-4D15-B0A1-B7015F1E4E94}.Release|Any CPU.Build.0 = Release|Any CPU
		{9AEF2DDE-B03B-48B6-BB01-31E80AB2413F}.Debug|Any CPU.ActiveCfg = Debug|Any CPU
		{9AEF2DDE-B03B-48B6-BB01-31E80AB2413F}.Debug|Any CPU.Build.0 = Debug|Any CPU
		{9AEF2DDE-B03B-48B6-BB01-31E80AB2413F}.Release|Any CPU.ActiveCfg = Release|Any CPU
		{9AEF2DDE-B03B-48B6-BB01-31E80AB2413F}.Release|Any CPU.Build.0 = Release|Any CPU
	EndGlobalSection
	GlobalSection(SolutionProperties) = preSolution
		HideSolutionNode = FALSE
	EndGlobalSection
	GlobalSection(ExtensibilityGlobals) = postSolution
		SolutionGuid = {26DD3532-3976-4259-A55B-B20DEDE1BAB1}
	EndGlobalSection
EndGlobal
